// !$*UTF8*$!
{
	archiveVersion = 1;
	classes = {
	};
	objectVersion = 48;
	objects = {

/* Begin PBXBuildFile section */
		762B73AD20880A4F00A7129F /* AppDelegate.m in Sources */ = {isa = PBXBuildFile; fileRef = 762B73AC20880A4F00A7129F /* AppDelegate.m */; };
		762B73AF20880A4F00A7129F /* Assets.xcassets in Resources */ = {isa = PBXBuildFile; fileRef = 762B73AE20880A4F00A7129F /* Assets.xcassets */; };
		762B73B220880A4F00A7129F /* MainMenu.xib in Resources */ = {isa = PBXBuildFile; fileRef = 762B73B020880A4F00A7129F /* MainMenu.xib */; };
		762B73B520880A4F00A7129F /* main.m in Sources */ = {isa = PBXBuildFile; fileRef = 762B73B420880A4F00A7129F /* main.m */; };
		762B73BE20880E2300A7129F /* StatusBarItem.m in Sources */ = {isa = PBXBuildFile; fileRef = 762B73BD20880E2300A7129F /* StatusBarItem.m */; };
		762B73C02088147F00A7129F /* Launcher.png in Resources */ = {isa = PBXBuildFile; fileRef = 762B73BF2088147F00A7129F /* Launcher.png */; };
		763648BE208A76E600FD5AC4 /* ClearHotKey.png in Resources */ = {isa = PBXBuildFile; fileRef = 763648BD208A76E600FD5AC4 /* ClearHotKey.png */; };
		763648C5208A930D00FD5AC4 /* SetHotKeyWindowController.m in Sources */ = {isa = PBXBuildFile; fileRef = 763648C3208A930D00FD5AC4 /* SetHotKeyWindowController.m */; };
		763648C6208A930D00FD5AC4 /* SetHotKeyWindowController.xib in Resources */ = {isa = PBXBuildFile; fileRef = 763648C4208A930D00FD5AC4 /* SetHotKeyWindowController.xib */; };
		763648D4208AA87E00FD5AC4 /* ResponsiveWindow.m in Sources */ = {isa = PBXBuildFile; fileRef = 763648D2208AA87E00FD5AC4 /* ResponsiveWindow.m */; };
		7643A12B208BB409000561E7 /* LauncherHelp in Resources */ = {isa = PBXBuildFile; fileRef = 7643A12A208BB409000561E7 /* LauncherHelp */; };
		76571486208AEE6900AB93C2 /* Launcher.afdesign in Resources */ = {isa = PBXBuildFile; fileRef = 76571484208AEDBC00AB93C2 /* Launcher.afdesign */; };
		7693E96120895DAC00CB9151 /* ServiceManagement.framework in Frameworks */ = {isa = PBXBuildFile; fileRef = 76AD5894208907410004BDEA /* ServiceManagement.framework */; };
		769ED17B208A41400088CE65 /* Carbon.framework in Frameworks */ = {isa = PBXBuildFile; fileRef = 769ED17A208A41400088CE65 /* Carbon.framework */; };
		769ED1D0208A5DB30088CE65 /* DDHotKeyTextField.m in Sources */ = {isa = PBXBuildFile; fileRef = 769ED1CE208A5D5B0088CE65 /* DDHotKeyTextField.m */; };
		769ED1D1208A5DB30088CE65 /* DDHotKeyUtilities.m in Sources */ = {isa = PBXBuildFile; fileRef = 769ED1CD208A5D5B0088CE65 /* DDHotKeyUtilities.m */; };
		769ED1D2208A5DB30088CE65 /* DDHotKeyCenter.m in Sources */ = {isa = PBXBuildFile; fileRef = 769ED1CC208A5D5B0088CE65 /* DDHotKeyCenter.m */; };
		76AD58842088E96B0004BDEA /* AppDelegate.m in Sources */ = {isa = PBXBuildFile; fileRef = 76AD58832088E96B0004BDEA /* AppDelegate.m */; };
		76AD58862088E96B0004BDEA /* Assets.xcassets in Resources */ = {isa = PBXBuildFile; fileRef = 76AD58852088E96B0004BDEA /* Assets.xcassets */; };
		76AD58892088E96B0004BDEA /* MainMenu.xib in Resources */ = {isa = PBXBuildFile; fileRef = 76AD58872088E96B0004BDEA /* MainMenu.xib */; };
		76AD588C2088E96B0004BDEA /* main.m in Sources */ = {isa = PBXBuildFile; fileRef = 76AD588B2088E96B0004BDEA /* main.m */; };
		76DEEBC4208BCA68001C891E /* LauncherStarter.app in CopyFiles */ = {isa = PBXBuildFile; fileRef = 76AD58802088E96B0004BDEA /* LauncherStarter.app */; settings = {ATTRIBUTES = (RemoveHeadersOnCopy, ); }; };
/* End PBXBuildFile section */

/* Begin PBXCopyFilesBuildPhase section */
		76AD58912088F33B0004BDEA /* CopyFiles */ = {
			isa = PBXCopyFilesBuildPhase;
			buildActionMask = 2147483647;
			dstPath = Contents/Library/LoginItems;
			dstSubfolderSpec = 1;
			files = (
				76DEEBC4208BCA68001C891E /* LauncherStarter.app in CopyFiles */,
			);
			runOnlyForDeploymentPostprocessing = 0;
		};
/* End PBXCopyFilesBuildPhase section */

/* Begin PBXFileReference section */
		762B73A820880A4F00A7129F /* Launcher.app */ = {isa = PBXFileReference; explicitFileType = wrapper.application; includeInIndex = 0; path = Launcher.app; sourceTree = BUILT_PRODUCTS_DIR; };
		762B73AB20880A4F00A7129F /* AppDelegate.h */ = {isa = PBXFileReference; lastKnownFileType = sourcecode.c.h; path = AppDelegate.h; sourceTree = "<group>"; };
		762B73AC20880A4F00A7129F /* AppDelegate.m */ = {isa = PBXFileReference; lastKnownFileType = sourcecode.c.objc; path = AppDelegate.m; sourceTree = "<group>"; };
		762B73AE20880A4F00A7129F /* Assets.xcassets */ = {isa = PBXFileReference; lastKnownFileType = folder.assetcatalog; path = Assets.xcassets; sourceTree = "<group>"; };
		762B73B120880A4F00A7129F /* Base */ = {isa = PBXFileReference; lastKnownFileType = file.xib; name = Base; path = Base.lproj/MainMenu.xib; sourceTree = "<group>"; };
		762B73B320880A4F00A7129F /* Info.plist */ = {isa = PBXFileReference; lastKnownFileType = text.plist.xml; path = Info.plist; sourceTree = "<group>"; };
		762B73B420880A4F00A7129F /* main.m */ = {isa = PBXFileReference; lastKnownFileType = sourcecode.c.objc; path = main.m; sourceTree = "<group>"; };
		762B73B620880A4F00A7129F /* Launcher.entitlements */ = {isa = PBXFileReference; lastKnownFileType = text.plist.entitlements; path = Launcher.entitlements; sourceTree = "<group>"; };
		762B73BC20880E2300A7129F /* StatusBarItem.h */ = {isa = PBXFileReference; lastKnownFileType = sourcecode.c.h; path = StatusBarItem.h; sourceTree = "<group>"; };
		762B73BD20880E2300A7129F /* StatusBarItem.m */ = {isa = PBXFileReference; lastKnownFileType = sourcecode.c.objc; path = StatusBarItem.m; sourceTree = "<group>"; };
		762B73BF2088147F00A7129F /* Launcher.png */ = {isa = PBXFileReference; lastKnownFileType = image.png; path = Launcher.png; sourceTree = "<group>"; };
		763648BD208A76E600FD5AC4 /* ClearHotKey.png */ = {isa = PBXFileReference; lastKnownFileType = image.png; path = ClearHotKey.png; sourceTree = "<group>"; };
		763648C2208A930D00FD5AC4 /* SetHotKeyWindowController.h */ = {isa = PBXFileReference; lastKnownFileType = sourcecode.c.h; path = SetHotKeyWindowController.h; sourceTree = "<group>"; };
		763648C3208A930D00FD5AC4 /* SetHotKeyWindowController.m */ = {isa = PBXFileReference; lastKnownFileType = sourcecode.c.objc; path = SetHotKeyWindowController.m; sourceTree = "<group>"; };
		763648C4208A930D00FD5AC4 /* SetHotKeyWindowController.xib */ = {isa = PBXFileReference; lastKnownFileType = file.xib; path = SetHotKeyWindowController.xib; sourceTree = "<group>"; };
		763648D2208AA87E00FD5AC4 /* ResponsiveWindow.m */ = {isa = PBXFileReference; fileEncoding = 4; lastKnownFileType = sourcecode.c.objc; path = ResponsiveWindow.m; sourceTree = "<group>"; };
		763648D3208AA87E00FD5AC4 /* ResponsiveWindow.h */ = {isa = PBXFileReference; fileEncoding = 4; lastKnownFileType = sourcecode.c.h; path = ResponsiveWindow.h; sourceTree = "<group>"; };
		7643A12A208BB409000561E7 /* LauncherHelp */ = {isa = PBXFileReference; lastKnownFileType = folder; path = LauncherHelp; sourceTree = "<group>"; };
		76571484208AEDBC00AB93C2 /* Launcher.afdesign */ = {isa = PBXFileReference; lastKnownFileType = file; path = Launcher.afdesign; sourceTree = "<group>"; };
		769ED17A208A41400088CE65 /* Carbon.framework */ = {isa = PBXFileReference; lastKnownFileType = wrapper.framework; name = Carbon.framework; path = System/Library/Frameworks/Carbon.framework; sourceTree = SDKROOT; };
		769ED1CA208A5D5A0088CE65 /* DDHotKeyCenter.h */ = {isa = PBXFileReference; lastKnownFileType = sourcecode.c.h; path = DDHotKeyCenter.h; sourceTree = "<group>"; };
		769ED1CB208A5D5A0088CE65 /* DDHotKeyUtilities.h */ = {isa = PBXFileReference; lastKnownFileType = sourcecode.c.h; path = DDHotKeyUtilities.h; sourceTree = "<group>"; };
		769ED1CC208A5D5B0088CE65 /* DDHotKeyCenter.m */ = {isa = PBXFileReference; lastKnownFileType = sourcecode.c.objc; path = DDHotKeyCenter.m; sourceTree = "<group>"; };
		769ED1CD208A5D5B0088CE65 /* DDHotKeyUtilities.m */ = {isa = PBXFileReference; lastKnownFileType = sourcecode.c.objc; path = DDHotKeyUtilities.m; sourceTree = "<group>"; };
		769ED1CE208A5D5B0088CE65 /* DDHotKeyTextField.m */ = {isa = PBXFileReference; lastKnownFileType = sourcecode.c.objc; path = DDHotKeyTextField.m; sourceTree = "<group>"; };
		769ED1CF208A5D5B0088CE65 /* DDHotKeyTextField.h */ = {isa = PBXFileReference; lastKnownFileType = sourcecode.c.h; path = DDHotKeyTextField.h; sourceTree = "<group>"; };
		76AD58802088E96B0004BDEA /* LauncherStarter.app */ = {isa = PBXFileReference; explicitFileType = wrapper.application; includeInIndex = 0; path = LauncherStarter.app; sourceTree = BUILT_PRODUCTS_DIR; };
		76AD58822088E96B0004BDEA /* AppDelegate.h */ = {isa = PBXFileReference; lastKnownFileType = sourcecode.c.h; path = AppDelegate.h; sourceTree = "<group>"; };
		76AD58832088E96B0004BDEA /* AppDelegate.m */ = {isa = PBXFileReference; lastKnownFileType = sourcecode.c.objc; path = AppDelegate.m; sourceTree = "<group>"; };
		76AD58852088E96B0004BDEA /* Assets.xcassets */ = {isa = PBXFileReference; lastKnownFileType = folder.assetcatalog; path = Assets.xcassets; sourceTree = "<group>"; };
		76AD58882088E96B0004BDEA /* Base */ = {isa = PBXFileReference; lastKnownFileType = file.xib; name = Base; path = Base.lproj/MainMenu.xib; sourceTree = "<group>"; };
		76AD588A2088E96B0004BDEA /* Info.plist */ = {isa = PBXFileReference; lastKnownFileType = text.plist.xml; path = Info.plist; sourceTree = "<group>"; };
		76AD588B2088E96B0004BDEA /* main.m */ = {isa = PBXFileReference; lastKnownFileType = sourcecode.c.objc; path = main.m; sourceTree = "<group>"; };
		76AD588D2088E96B0004BDEA /* LauncherStarter.entitlements */ = {isa = PBXFileReference; lastKnownFileType = text.plist.entitlements; path = LauncherStarter.entitlements; sourceTree = "<group>"; };
		76AD5894208907410004BDEA /* ServiceManagement.framework */ = {isa = PBXFileReference; lastKnownFileType = wrapper.framework; name = ServiceManagement.framework; path = System/Library/Frameworks/ServiceManagement.framework; sourceTree = SDKROOT; };
/* End PBXFileReference section */

/* Begin PBXFrameworksBuildPhase section */
		762B73A520880A4F00A7129F /* Frameworks */ = {
			isa = PBXFrameworksBuildPhase;
			buildActionMask = 2147483647;
			files = (
				769ED17B208A41400088CE65 /* Carbon.framework in Frameworks */,
				7693E96120895DAC00CB9151 /* ServiceManagement.framework in Frameworks */,
			);
			runOnlyForDeploymentPostprocessing = 0;
		};
		76AD587D2088E96B0004BDEA /* Frameworks */ = {
			isa = PBXFrameworksBuildPhase;
			buildActionMask = 2147483647;
			files = (
			);
			runOnlyForDeploymentPostprocessing = 0;
		};
/* End PBXFrameworksBuildPhase section */

/* Begin PBXGroup section */
		762B739F20880A4F00A7129F = {
			isa = PBXGroup;
			children = (
				762B73AA20880A4F00A7129F /* Launcher */,
				76AD58812088E96B0004BDEA /* LauncherStarter */,
				76AD5893208907410004BDEA /* Frameworks */,
				762B73A920880A4F00A7129F /* Products */,
			);
			sourceTree = "<group>";
		};
		762B73A920880A4F00A7129F /* Products */ = {
			isa = PBXGroup;
			children = (
				762B73A820880A4F00A7129F /* Launcher.app */,
				76AD58802088E96B0004BDEA /* LauncherStarter.app */,
			);
			name = Products;
			sourceTree = "<group>";
		};
		762B73AA20880A4F00A7129F /* Launcher */ = {
			isa = PBXGroup;
			children = (
				76BCCFD2208AED04005E4528 /* General Files */,
				76BCCFCF208AEC83005E4528 /* HotKey */,
				76BCCFD3208AED5B005E4528 /* Main Files */,
				76BCCFD1208AECD0005E4528 /* Resources */,
				76BCCFD0208AEC9F005E4528 /* SetHotKey */,
			);
			path = Launcher;
			sourceTree = "<group>";
		};
		76AD58812088E96B0004BDEA /* LauncherStarter */ = {
			isa = PBXGroup;
			children = (
				76AD58822088E96B0004BDEA /* AppDelegate.h */,
				76AD58832088E96B0004BDEA /* AppDelegate.m */,
				76AD58852088E96B0004BDEA /* Assets.xcassets */,
				76AD588A2088E96B0004BDEA /* Info.plist */,
				76AD588D2088E96B0004BDEA /* LauncherStarter.entitlements */,
				76AD58872088E96B0004BDEA /* MainMenu.xib */,
				76AD588B2088E96B0004BDEA /* main.m */,
			);
			path = LauncherStarter;
			sourceTree = "<group>";
		};
		76AD5893208907410004BDEA /* Frameworks */ = {
			isa = PBXGroup;
			children = (
				769ED17A208A41400088CE65 /* Carbon.framework */,
				76AD5894208907410004BDEA /* ServiceManagement.framework */,
			);
			name = Frameworks;
			sourceTree = "<group>";
		};
		76BCCFCF208AEC83005E4528 /* HotKey */ = {
			isa = PBXGroup;
			children = (
				769ED1CA208A5D5A0088CE65 /* DDHotKeyCenter.h */,
				769ED1CC208A5D5B0088CE65 /* DDHotKeyCenter.m */,
				769ED1CF208A5D5B0088CE65 /* DDHotKeyTextField.h */,
				769ED1CE208A5D5B0088CE65 /* DDHotKeyTextField.m */,
				769ED1CB208A5D5A0088CE65 /* DDHotKeyUtilities.h */,
				769ED1CD208A5D5B0088CE65 /* DDHotKeyUtilities.m */,
			);
			path = HotKey;
			sourceTree = "<group>";
		};
		76BCCFD0208AEC9F005E4528 /* SetHotKey */ = {
			isa = PBXGroup;
			children = (
				763648C2208A930D00FD5AC4 /* SetHotKeyWindowController.h */,
				763648C3208A930D00FD5AC4 /* SetHotKeyWindowController.m */,
				763648C4208A930D00FD5AC4 /* SetHotKeyWindowController.xib */,
			);
			path = SetHotKey;
			sourceTree = "<group>";
		};
		76BCCFD1208AECD0005E4528 /* Resources */ = {
			isa = PBXGroup;
			children = (
				7643A12A208BB409000561E7 /* LauncherHelp */,
				762B73AE20880A4F00A7129F /* Assets.xcassets */,
				763648BD208A76E600FD5AC4 /* ClearHotKey.png */,
				762B73B320880A4F00A7129F /* Info.plist */,
				76571484208AEDBC00AB93C2 /* Launcher.afdesign */,
				762B73B620880A4F00A7129F /* Launcher.entitlements */,
				762B73BF2088147F00A7129F /* Launcher.png */,
			);
			path = Resources;
			sourceTree = "<group>";
		};
		76BCCFD2208AED04005E4528 /* General Files */ = {
			isa = PBXGroup;
			children = (
				762B73B020880A4F00A7129F /* MainMenu.xib */,
				763648D3208AA87E00FD5AC4 /* ResponsiveWindow.h */,
				763648D2208AA87E00FD5AC4 /* ResponsiveWindow.m */,
				762B73B420880A4F00A7129F /* main.m */,
			);
			path = "General Files";
			sourceTree = "<group>";
		};
		76BCCFD3208AED5B005E4528 /* Main Files */ = {
			isa = PBXGroup;
			children = (
				762B73AB20880A4F00A7129F /* AppDelegate.h */,
				762B73AC20880A4F00A7129F /* AppDelegate.m */,
				762B73BC20880E2300A7129F /* StatusBarItem.h */,
				762B73BD20880E2300A7129F /* StatusBarItem.m */,
			);
			path = "Main Files";
			sourceTree = "<group>";
		};
/* End PBXGroup section */

/* Begin PBXNativeTarget section */
		762B73A720880A4F00A7129F /* Launcher */ = {
			isa = PBXNativeTarget;
			buildConfigurationList = 762B73B920880A4F00A7129F /* Build configuration list for PBXNativeTarget "Launcher" */;
			buildPhases = (
				762B73A420880A4F00A7129F /* Sources */,
				762B73A520880A4F00A7129F /* Frameworks */,
				762B73A620880A4F00A7129F /* Resources */,
				76AD58912088F33B0004BDEA /* CopyFiles */,
			);
			buildRules = (
			);
			dependencies = (
			);
			name = Launcher;
			productName = Launcher;
			productReference = 762B73A820880A4F00A7129F /* Launcher.app */;
			productType = "com.apple.product-type.application";
		};
		76AD587F2088E96B0004BDEA /* LauncherStarter */ = {
			isa = PBXNativeTarget;
			buildConfigurationList = 76AD58902088E96B0004BDEA /* Build configuration list for PBXNativeTarget "LauncherStarter" */;
			buildPhases = (
				76AD587C2088E96B0004BDEA /* Sources */,
				76AD587D2088E96B0004BDEA /* Frameworks */,
				76AD587E2088E96B0004BDEA /* Resources */,
			);
			buildRules = (
			);
			dependencies = (
			);
			name = LauncherStarter;
			productName = LauncherStartup;
			productReference = 76AD58802088E96B0004BDEA /* LauncherStarter.app */;
			productType = "com.apple.product-type.application";
		};
/* End PBXNativeTarget section */

/* Begin PBXProject section */
		762B73A020880A4F00A7129F /* Project object */ = {
			isa = PBXProject;
			attributes = {
				LastUpgradeCheck = 0920;
				ORGANIZATIONNAME = CrankySoft;
				TargetAttributes = {
					762B73A720880A4F00A7129F = {
						CreatedOnToolsVersion = 9.2;
						ProvisioningStyle = Manual;
						SystemCapabilities = {
							com.apple.Sandbox = {
								enabled = 0;
							};
						};
					};
					76AD587F2088E96B0004BDEA = {
						CreatedOnToolsVersion = 9.2;
						ProvisioningStyle = Manual;
						SystemCapabilities = {
							com.apple.Sandbox = {
								enabled = 0;
							};
						};
					};
				};
			};
			buildConfigurationList = 762B73A320880A4F00A7129F /* Build configuration list for PBXProject "Launcher" */;
			compatibilityVersion = "Xcode 8.0";
			developmentRegion = en;
			hasScannedForEncodings = 0;
			knownRegions = (
				en,
				Base,
				English,
			);
			mainGroup = 762B739F20880A4F00A7129F;
			productRefGroup = 762B73A920880A4F00A7129F /* Products */;
			projectDirPath = "";
			projectRoot = "";
			targets = (
				762B73A720880A4F00A7129F /* Launcher */,
				76AD587F2088E96B0004BDEA /* LauncherStarter */,
			);
		};
/* End PBXProject section */

/* Begin PBXResourcesBuildPhase section */
		762B73A620880A4F00A7129F /* Resources */ = {
			isa = PBXResourcesBuildPhase;
			buildActionMask = 2147483647;
			files = (
				76571486208AEE6900AB93C2 /* Launcher.afdesign in Resources */,
				763648C6208A930D00FD5AC4 /* SetHotKeyWindowController.xib in Resources */,
				7643A12B208BB409000561E7 /* LauncherHelp in Resources */,
				762B73AF20880A4F00A7129F /* Assets.xcassets in Resources */,
				763648BE208A76E600FD5AC4 /* ClearHotKey.png in Resources */,
				762B73B220880A4F00A7129F /* MainMenu.xib in Resources */,
				762B73C02088147F00A7129F /* Launcher.png in Resources */,
			);
			runOnlyForDeploymentPostprocessing = 0;
		};
		76AD587E2088E96B0004BDEA /* Resources */ = {
			isa = PBXResourcesBuildPhase;
			buildActionMask = 2147483647;
			files = (
				76AD58862088E96B0004BDEA /* Assets.xcassets in Resources */,
				76AD58892088E96B0004BDEA /* MainMenu.xib in Resources */,
			);
			runOnlyForDeploymentPostprocessing = 0;
		};
/* End PBXResourcesBuildPhase section */

/* Begin PBXSourcesBuildPhase section */
		762B73A420880A4F00A7129F /* Sources */ = {
			isa = PBXSourcesBuildPhase;
			buildActionMask = 2147483647;
			files = (
				763648C5208A930D00FD5AC4 /* SetHotKeyWindowController.m in Sources */,
				762B73BE20880E2300A7129F /* StatusBarItem.m in Sources */,
				762B73B520880A4F00A7129F /* main.m in Sources */,
				763648D4208AA87E00FD5AC4 /* ResponsiveWindow.m in Sources */,
				769ED1D1208A5DB30088CE65 /* DDHotKeyUtilities.m in Sources */,
				762B73AD20880A4F00A7129F /* AppDelegate.m in Sources */,
				769ED1D2208A5DB30088CE65 /* DDHotKeyCenter.m in Sources */,
				769ED1D0208A5DB30088CE65 /* DDHotKeyTextField.m in Sources */,
			);
			runOnlyForDeploymentPostprocessing = 0;
		};
		76AD587C2088E96B0004BDEA /* Sources */ = {
			isa = PBXSourcesBuildPhase;
			buildActionMask = 2147483647;
			files = (
				76AD588C2088E96B0004BDEA /* main.m in Sources */,
				76AD58842088E96B0004BDEA /* AppDelegate.m in Sources */,
			);
			runOnlyForDeploymentPostprocessing = 0;
		};
/* End PBXSourcesBuildPhase section */

/* Begin PBXVariantGroup section */
		762B73B020880A4F00A7129F /* MainMenu.xib */ = {
			isa = PBXVariantGroup;
			children = (
				762B73B120880A4F00A7129F /* Base */,
			);
			name = MainMenu.xib;
			path = .;
			sourceTree = "<group>";
		};
		76AD58872088E96B0004BDEA /* MainMenu.xib */ = {
			isa = PBXVariantGroup;
			children = (
				76AD58882088E96B0004BDEA /* Base */,
			);
			name = MainMenu.xib;
			path = .;
			sourceTree = "<group>";
		};
/* End PBXVariantGroup section */

/* Begin XCBuildConfiguration section */
		762B73B720880A4F00A7129F /* Debug */ = {
			isa = XCBuildConfiguration;
			buildSettings = {
				ALWAYS_SEARCH_USER_PATHS = NO;
				CLANG_ANALYZER_NONNULL = YES;
				CLANG_ANALYZER_NUMBER_OBJECT_CONVERSION = YES_AGGRESSIVE;
				CLANG_CXX_LANGUAGE_STANDARD = "gnu++14";
				CLANG_CXX_LIBRARY = "libc++";
				CLANG_ENABLE_MODULES = YES;
				CLANG_ENABLE_OBJC_ARC = YES;
				CLANG_WARN_BLOCK_CAPTURE_AUTORELEASING = YES;
				CLANG_WARN_BOOL_CONVERSION = YES;
				CLANG_WARN_COMMA = YES;
				CLANG_WARN_CONSTANT_CONVERSION = YES;
				CLANG_WARN_DIRECT_OBJC_ISA_USAGE = YES_ERROR;
				CLANG_WARN_DOCUMENTATION_COMMENTS = YES;
				CLANG_WARN_EMPTY_BODY = YES;
				CLANG_WARN_ENUM_CONVERSION = YES;
				CLANG_WARN_INFINITE_RECURSION = YES;
				CLANG_WARN_INT_CONVERSION = YES;
				CLANG_WARN_NON_LITERAL_NULL_CONVERSION = YES;
				CLANG_WARN_OBJC_LITERAL_CONVERSION = YES;
				CLANG_WARN_OBJC_ROOT_CLASS = YES_ERROR;
				CLANG_WARN_RANGE_LOOP_ANALYSIS = YES;
				CLANG_WARN_STRICT_PROTOTYPES = YES;
				CLANG_WARN_SUSPICIOUS_MOVE = YES;
				CLANG_WARN_UNGUARDED_AVAILABILITY = YES_AGGRESSIVE;
				CLANG_WARN_UNREACHABLE_CODE = YES;
				CLANG_WARN__DUPLICATE_METHOD_MATCH = YES;
				CODE_SIGN_IDENTITY = "";
				COPY_PHASE_STRIP = NO;
				DEBUG_INFORMATION_FORMAT = dwarf;
				ENABLE_STRICT_OBJC_MSGSEND = YES;
				ENABLE_TESTABILITY = YES;
				GCC_C_LANGUAGE_STANDARD = gnu11;
				GCC_DYNAMIC_NO_PIC = NO;
				GCC_NO_COMMON_BLOCKS = YES;
				GCC_OPTIMIZATION_LEVEL = 0;
				GCC_PREPROCESSOR_DEFINITIONS = (
					"DEBUG=1",
					"$(inherited)",
				);
				GCC_WARN_64_TO_32_BIT_CONVERSION = YES;
				GCC_WARN_ABOUT_RETURN_TYPE = YES_ERROR;
				GCC_WARN_UNDECLARED_SELECTOR = YES;
				GCC_WARN_UNINITIALIZED_AUTOS = YES_AGGRESSIVE;
				GCC_WARN_UNUSED_FUNCTION = YES;
				GCC_WARN_UNUSED_VARIABLE = YES;
				MACOSX_DEPLOYMENT_TARGET = 10.13;
				MTL_ENABLE_DEBUG_INFO = YES;
				ONLY_ACTIVE_ARCH = YES;
				SDKROOT = macosx;
			};
			name = Debug;
		};
		762B73B820880A4F00A7129F /* Release */ = {
			isa = XCBuildConfiguration;
			buildSettings = {
				ALWAYS_SEARCH_USER_PATHS = NO;
				CLANG_ANALYZER_NONNULL = YES;
				CLANG_ANALYZER_NUMBER_OBJECT_CONVERSION = YES_AGGRESSIVE;
				CLANG_CXX_LANGUAGE_STANDARD = "gnu++14";
				CLANG_CXX_LIBRARY = "libc++";
				CLANG_ENABLE_MODULES = YES;
				CLANG_ENABLE_OBJC_ARC = YES;
				CLANG_WARN_BLOCK_CAPTURE_AUTORELEASING = YES;
				CLANG_WARN_BOOL_CONVERSION = YES;
				CLANG_WARN_COMMA = YES;
				CLANG_WARN_CONSTANT_CONVERSION = YES;
				CLANG_WARN_DIRECT_OBJC_ISA_USAGE = YES_ERROR;
				CLANG_WARN_DOCUMENTATION_COMMENTS = YES;
				CLANG_WARN_EMPTY_BODY = YES;
				CLANG_WARN_ENUM_CONVERSION = YES;
				CLANG_WARN_INFINITE_RECURSION = YES;
				CLANG_WARN_INT_CONVERSION = YES;
				CLANG_WARN_NON_LITERAL_NULL_CONVERSION = YES;
				CLANG_WARN_OBJC_LITERAL_CONVERSION = YES;
				CLANG_WARN_OBJC_ROOT_CLASS = YES_ERROR;
				CLANG_WARN_RANGE_LOOP_ANALYSIS = YES;
				CLANG_WARN_STRICT_PROTOTYPES = YES;
				CLANG_WARN_SUSPICIOUS_MOVE = YES;
				CLANG_WARN_UNGUARDED_AVAILABILITY = YES_AGGRESSIVE;
				CLANG_WARN_UNREACHABLE_CODE = YES;
				CLANG_WARN__DUPLICATE_METHOD_MATCH = YES;
				CODE_SIGN_IDENTITY = "";
				COPY_PHASE_STRIP = NO;
				DEBUG_INFORMATION_FORMAT = "dwarf-with-dsym";
				ENABLE_NS_ASSERTIONS = NO;
				ENABLE_STRICT_OBJC_MSGSEND = YES;
				GCC_C_LANGUAGE_STANDARD = gnu11;
				GCC_NO_COMMON_BLOCKS = YES;
				GCC_WARN_64_TO_32_BIT_CONVERSION = YES;
				GCC_WARN_ABOUT_RETURN_TYPE = YES_ERROR;
				GCC_WARN_UNDECLARED_SELECTOR = YES;
				GCC_WARN_UNINITIALIZED_AUTOS = YES_AGGRESSIVE;
				GCC_WARN_UNUSED_FUNCTION = YES;
				GCC_WARN_UNUSED_VARIABLE = YES;
				MACOSX_DEPLOYMENT_TARGET = 10.13;
				MTL_ENABLE_DEBUG_INFO = NO;
				SDKROOT = macosx;
			};
			name = Release;
		};
		762B73BA20880A4F00A7129F /* Debug */ = {
			isa = XCBuildConfiguration;
			buildSettings = {
				ASSETCATALOG_COMPILER_APPICON_NAME = AppIcon;
				CODE_SIGN_IDENTITY = "";
				CODE_SIGN_STYLE = Manual;
				COMBINE_HIDPI_IMAGES = YES;
				DEVELOPMENT_TEAM = "";
				FRAMEWORK_SEARCH_PATHS = (
					"$(inherited)",
					"$(LOCAL_LIBRARY_DIR)/Frameworks",
				);
				INFOPLIST_FILE = "$(SRCROOT)/Launcher/Resources/Info.plist";
				LD_RUNPATH_SEARCH_PATHS = "$(inherited) @executable_path/../Frameworks";
				PRODUCT_BUNDLE_IDENTIFIER = com.crankysoft.Launcher;
				PRODUCT_NAME = "$(TARGET_NAME)";
				PROVISIONING_PROFILE_SPECIFIER = "";
			};
			name = Debug;
		};
		762B73BB20880A4F00A7129F /* Release */ = {
			isa = XCBuildConfiguration;
			buildSettings = {
				ASSETCATALOG_COMPILER_APPICON_NAME = AppIcon;
				CODE_SIGN_IDENTITY = "";
				CODE_SIGN_STYLE = Manual;
				COMBINE_HIDPI_IMAGES = YES;
				DEVELOPMENT_TEAM = "";
				FRAMEWORK_SEARCH_PATHS = (
					"$(inherited)",
					"$(LOCAL_LIBRARY_DIR)/Frameworks",
				);
				INFOPLIST_FILE = "$(SRCROOT)/Launcher/Resources/Info.plist";
				LD_RUNPATH_SEARCH_PATHS = "$(inherited) @executable_path/../Frameworks";
				PRODUCT_BUNDLE_IDENTIFIER = com.crankysoft.Launcher;
				PRODUCT_NAME = "$(TARGET_NAME)";
				PROVISIONING_PROFILE_SPECIFIER = "";
			};
			name = Release;
		};
		76AD588E2088E96B0004BDEA /* Debug */ = {
			isa = XCBuildConfiguration;
			buildSettings = {
				ASSETCATALOG_COMPILER_APPICON_NAME = AppIcon;
				CODE_SIGN_IDENTITY = "";
				CODE_SIGN_STYLE = Manual;
				COMBINE_HIDPI_IMAGES = YES;
				DEVELOPMENT_TEAM = "";
				INFOPLIST_FILE = "$(SRCROOT)/LauncherStarter/Info.plist";
				INSTALL_PATH = "";
				LD_RUNPATH_SEARCH_PATHS = "$(inherited) @executable_path/../Frameworks";
				PRODUCT_BUNDLE_IDENTIFIER = com.crankysoft.LauncherStarter;
				PRODUCT_NAME = "$(TARGET_NAME)";
				PROVISIONING_PROFILE_SPECIFIER = "";
				SKIP_INSTALL = YES;
			};
			name = Debug;
		};
		76AD588F2088E96B0004BDEA /* Release */ = {
			isa = XCBuildConfiguration;
			buildSettings = {
				ASSETCATALOG_COMPILER_APPICON_NAME = AppIcon;
				CODE_SIGN_IDENTITY = "";
				CODE_SIGN_STYLE = Manual;
				COMBINE_HIDPI_IMAGES = YES;
				DEVELOPMENT_TEAM = "";
				INFOPLIST_FILE = "$(SRCROOT)/LauncherStarter/Info.plist";
				INSTALL_PATH = "";
				LD_RUNPATH_SEARCH_PATHS = "$(inherited) @executable_path/../Frameworks";
				PRODUCT_BUNDLE_IDENTIFIER = com.crankysoft.LauncherStarter;
				PRODUCT_NAME = "$(TARGET_NAME)";
				PROVISIONING_PROFILE_SPECIFIER = "";
				SKIP_INSTALL = YES;
			};
			name = Release;
		};
/* End XCBuildConfiguration section */

/* Begin XCConfigurationList section */
		762B73A320880A4F00A7129F /* Build configuration list for PBXProject "Launcher" */ = {
			isa = XCConfigurationList;
			buildConfigurations = (
				762B73B720880A4F00A7129F /* Debug */,
				762B73B820880A4F00A7129F /* Release */,
			);
			defaultConfigurationIsVisible = 0;
			defaultConfigurationName = Release;
		};
		762B73B920880A4F00A7129F /* Build configuration list for PBXNativeTarget "Launcher" */ = {
			isa = XCConfigurationList;
			buildConfigurations = (
				762B73BA20880A4F00A7129F /* Debug */,
				762B73BB20880A4F00A7129F /* Release */,
			);
			defaultConfigurationIsVisible = 0;
			defaultConfigurationName = Release;
		};
		76AD58902088E96B0004BDEA /* Build configuration list for PBXNativeTarget "LauncherStarter" */ = {
			isa = XCConfigurationList;
			buildConfigurations = (
				76AD588E2088E96B0004BDEA /* Debug */,
				76AD588F2088E96B0004BDEA /* Release */,
			);
			defaultConfigurationIsVisible = 0;
			defaultConfigurationName = Release;
		};
/* End XCConfigurationList section */
	};
	rootObject = 762B73A020880A4F00A7129F /* Project object */;
}
